{
  "name": "mybartprog",
  "version": "0.1.0",
  "lockfileVersion": 1,
  "requires": true,
  "dependencies": {
    "bart": {
      "version": "0.0.3",
      "resolved": "https://registry.npmjs.org/bart/-/bart-0.0.3.tgz",
      "integrity": "sha1-slx2j/+hs/NNdDdr+eIKXJSNmA0=",
      "requires": {
        "request": "2.11.4",
        "sax": "0.4.3",
        "xml2js": "0.2.8"
      }
    },
    "request": {
      "version": "2.11.4",
      "resolved": "https://registry.npmjs.org/request/-/request-2.11.4.tgz",
      "integrity": "sha1-Y0fX1E5S3FiBCMwc5c7pdfyJJt4=",
      "requires": {
        "form-data": "0.0.3",
        "mime": "1.2.7"
      },
      "dependencies": {
        "form-data": {
          "version": "0.0.3",
          "bundled": true,
          "requires": {
            "async": "0.1.9",
            "combined-stream": "0.0.3",
            "mime": "1.2.7"
          },
          "dependencies": {
            "async": {
              "version": "0.1.9",
              "bundled": true
            },
            "combined-stream": {
              "version": "0.0.3",
              "bundled": true,
              "requires": {
                "delayed-stream": "0.0.5"
              },
              "dependencies": {
                "delayed-stream": {
                  "version": "0.0.5",
                  "bundled": true
                }
              }
            }
          }
        },
        "mime": {
          "version": "1.2.7",
          "bundled": true
        }
      }
    },
    "sax": {
      "version": "0.4.3",
      "resolved": "https://registry.npmjs.org/sax/-/sax-0.4.3.tgz",
      "integrity": "sha1-cA46NOsueSzjgHkccSgPNzGWXdw="
    },
    "xml2js": {
      "version": "0.2.8",
      "resolved": "https://registry.npmjs.org/xml2js/-/xml2js-0.2.8.tgz",
      "integrity": "sha1-m4FpCTFjH/CdGVdUn69U9PmAs8I=",
      "requires": {
        "sax": "0.5.8"
      },
      "dependencies": {
        "sax": {
          "version": "0.5.8",
          "resolved": "https://registry.npmjs.org/sax/-/sax-0.5.8.tgz",
          "integrity": "sha1-1HLbIo6zMcJQaw6MFVJK25OdEsE="
        }
      }
    }
  }
}
